github.com/go-python/cpy3 v0.2.0 h1:IQ8v6KOTGSvejROZ8BPCfVW4rSMOKfpVwDi6sKYuu1w=
github.com/go-python/cpy3 v0.2.0/go.mod h1:W7F8SGWQv11501PYSj9d+NSv8U0/vWYa+FcMxBu4eqo=
github.com/peakdot/dl v0.0.0-20151222075243-1b01514224a1 h1:wflJh0nYAhAwqsFQx6tTjlETaxVLBCNN+JyJUOuYYCQ=
github.com/peakdot/dl v0.0.0-20151222075243-1b01514224a1/go.mod h1:w6RdcKaW7LrLc43dGjAY3aYIaMJO1NbThw7lvo2Cfzk=
github.com/sbinet/go-python v0.1.0 h1:WlS8dGoxKMt9/c54U4XQuVhQt79p0uJUdzopuDR4QaI=
github.com/sbinet/go-python v0.1.0/go.mod h1:Pq31TCdgxj39xSYY/VAfsWWrFphYSmx3jmPHtotzQNY=
